
Microsoft Visual Studio Solution File, Format Version 12.00
# Visual Studio Version 17
VisualStudioVersion = 17.6.33815.320
MinimumVisualStudioVersion = 10.0.40219.1
Project("{2150E333-8FDC-42A3-9474-1A3956D46DE8}") = "ABC339", "ABC339", "{294A33A1-7650-4179-8921-4771FFEF9F5A}"
EndProject
Project("{2150E333-8FDC-42A3-9474-1A3956D46DE8}") = "A", "A", "{A437C614-7B21-4FA8-B66F-39FB9CC030F1}"
EndProject
Project("{FAE04EC0-301F-11D3-BF4B-00C04F79EFBC}") = "ABC339_A", "ABC339\A\src\ABC339_A.csproj", "{ADE85524-FF51-4B21-BC37-B2A4D531351B}"
EndProject
Project("{FAE04EC0-301F-11D3-BF4B-00C04F79EFBC}") = "ABC339_ATests", "ABC339\A\test\ABC339_ATests.csproj", "{E03C85A9-F6CA-4756-9EA3-7982F6973460}"
EndProject
Project("{2150E333-8FDC-42A3-9474-1A3956D46DE8}") = "B", "B", "{C4A88C35-EAC7-4538-B904-2E5A03F80804}"
EndProject
Project("{FAE04EC0-301F-11D3-BF4B-00C04F79EFBC}") = "ABC339_B", "ABC339\B\src\ABC339_B.csproj", "{E3DD1E9D-A3F6-4910-B697-DAD80C0C7229}"
EndProject
Project("{FAE04EC0-301F-11D3-BF4B-00C04F79EFBC}") = "ABC339_BTests", "ABC339\B\test\ABC339_BTests.csproj", "{21792794-2D77-4C43-987F-AFA3EBF9AAEE}"
EndProject
Project("{2150E333-8FDC-42A3-9474-1A3956D46DE8}") = "C", "C", "{4FECD17A-2BD5-4783-BB08-FDB96C8D5258}"
EndProject
Project("{FAE04EC0-301F-11D3-BF4B-00C04F79EFBC}") = "ABC339_C", "ABC339\C\src\ABC339_C.csproj", "{89ACA5F7-7DE2-4F74-952B-C4282F4B096D}"
EndProject
Project("{FAE04EC0-301F-11D3-BF4B-00C04F79EFBC}") = "ABC339_CTests", "ABC339\C\test\ABC339_CTests.csproj", "{741567CA-C2D9-4DF0-BAFE-B6531DADE131}"
EndProject
Project("{2150E333-8FDC-42A3-9474-1A3956D46DE8}") = "D", "D", "{D6C4749F-F495-4EEB-9070-B20A680056FA}"
EndProject
Project("{FAE04EC0-301F-11D3-BF4B-00C04F79EFBC}") = "ABC339_D", "ABC339\D\src\ABC339_D.csproj", "{96A11411-DCF6-4E6C-B9D4-79EFFB42BA46}"
EndProject
Project("{FAE04EC0-301F-11D3-BF4B-00C04F79EFBC}") = "ABC339_DTests", "ABC339\D\test\ABC339_DTests.csproj", "{99342C24-9DD9-42E5-9363-BD7083A9A361}"
EndProject
Project("{2150E333-8FDC-42A3-9474-1A3956D46DE8}") = "E", "E", "{A2A843EB-239C-4C0E-9D88-EF4C3FF6AF7E}"
EndProject
Project("{FAE04EC0-301F-11D3-BF4B-00C04F79EFBC}") = "ABC339_E", "ABC339\E\src\ABC339_E.csproj", "{DC14A9B0-5BC5-4DE2-8349-7680D4A486ED}"
EndProject
Project("{FAE04EC0-301F-11D3-BF4B-00C04F79EFBC}") = "ABC339_ETests", "ABC339\E\test\ABC339_ETests.csproj", "{115894A1-3DCC-4879-8E35-D0E021141845}"
EndProject
Project("{2150E333-8FDC-42A3-9474-1A3956D46DE8}") = "F", "F", "{337A914E-662A-4675-A597-150D17F6EEFC}"
EndProject
Project("{FAE04EC0-301F-11D3-BF4B-00C04F79EFBC}") = "ABC339_F", "ABC339\F\src\ABC339_F.csproj", "{3AE94BC4-8029-4F15-89AF-39A15B40E00B}"
EndProject
Project("{FAE04EC0-301F-11D3-BF4B-00C04F79EFBC}") = "ABC339_FTests", "ABC339\F\test\ABC339_FTests.csproj", "{044A3ED0-C179-483F-BA63-FD0D7B29F4B0}"
EndProject
Project("{2150E333-8FDC-42A3-9474-1A3956D46DE8}") = "G", "G", "{377331A1-D4EF-429F-B7C1-42902335EF3F}"
EndProject
Project("{FAE04EC0-301F-11D3-BF4B-00C04F79EFBC}") = "ABC339_G", "ABC339\G\src\ABC339_G.csproj", "{9DE5221C-45FB-4081-9C28-B5AC296AF13C}"
EndProject
Project("{FAE04EC0-301F-11D3-BF4B-00C04F79EFBC}") = "ABC339_GTests", "ABC339\G\test\ABC339_GTests.csproj", "{82DD8C15-2FEF-4B32-B36D-85EBDBC9C2BE}"
EndProject
Global
	GlobalSection(SolutionConfigurationPlatforms) = preSolution
		Debug|Any CPU = Debug|Any CPU
		Debug|x64 = Debug|x64
		Debug|x86 = Debug|x86
		Release|Any CPU = Release|Any CPU
		Release|x64 = Release|x64
		Release|x86 = Release|x86
	EndGlobalSection
	GlobalSection(ProjectConfigurationPlatforms) = postSolution
		{ADE85524-FF51-4B21-BC37-B2A4D531351B}.Debug|Any CPU.ActiveCfg = Debug|Any CPU
		{ADE85524-FF51-4B21-BC37-B2A4D531351B}.Debug|Any CPU.Build.0 = Debug|Any CPU
		{ADE85524-FF51-4B21-BC37-B2A4D531351B}.Debug|x64.ActiveCfg = Debug|Any CPU
		{ADE85524-FF51-4B21-BC37-B2A4D531351B}.Debug|x64.Build.0 = Debug|Any CPU
		{ADE85524-FF51-4B21-BC37-B2A4D531351B}.Debug|x86.ActiveCfg = Debug|Any CPU
		{ADE85524-FF51-4B21-BC37-B2A4D531351B}.Debug|x86.Build.0 = Debug|Any CPU
		{ADE85524-FF51-4B21-BC37-B2A4D531351B}.Release|Any CPU.ActiveCfg = Release|Any CPU
		{ADE85524-FF51-4B21-BC37-B2A4D531351B}.Release|Any CPU.Build.0 = Release|Any CPU
		{ADE85524-FF51-4B21-BC37-B2A4D531351B}.Release|x64.ActiveCfg = Release|Any CPU
		{ADE85524-FF51-4B21-BC37-B2A4D531351B}.Release|x64.Build.0 = Release|Any CPU
		{ADE85524-FF51-4B21-BC37-B2A4D531351B}.Release|x86.ActiveCfg = Release|Any CPU
		{ADE85524-FF51-4B21-BC37-B2A4D531351B}.Release|x86.Build.0 = Release|Any CPU
		{E03C85A9-F6CA-4756-9EA3-7982F6973460}.Debug|Any CPU.ActiveCfg = Debug|Any CPU
		{E03C85A9-F6CA-4756-9EA3-7982F6973460}.Debug|Any CPU.Build.0 = Debug|Any CPU
		{E03C85A9-F6CA-4756-9EA3-7982F6973460}.Debug|x64.ActiveCfg = Debug|Any CPU
		{E03C85A9-F6CA-4756-9EA3-7982F6973460}.Debug|x64.Build.0 = Debug|Any CPU
		{E03C85A9-F6CA-4756-9EA3-7982F6973460}.Debug|x86.ActiveCfg = Debug|Any CPU
		{E03C85A9-F6CA-4756-9EA3-7982F6973460}.Debug|x86.Build.0 = Debug|Any CPU
		{E03C85A9-F6CA-4756-9EA3-7982F6973460}.Release|Any CPU.ActiveCfg = Release|Any CPU
		{E03C85A9-F6CA-4756-9EA3-7982F6973460}.Release|Any CPU.Build.0 = Release|Any CPU
		{E03C85A9-F6CA-4756-9EA3-7982F6973460}.Release|x64.ActiveCfg = Release|Any CPU
		{E03C85A9-F6CA-4756-9EA3-7982F6973460}.Release|x64.Build.0 = Release|Any CPU
		{E03C85A9-F6CA-4756-9EA3-7982F6973460}.Release|x86.ActiveCfg = Release|Any CPU
		{E03C85A9-F6CA-4756-9EA3-7982F6973460}.Release|x86.Build.0 = Release|Any CPU
		{E3DD1E9D-A3F6-4910-B697-DAD80C0C7229}.Debug|Any CPU.ActiveCfg = Debug|Any CPU
		{E3DD1E9D-A3F6-4910-B697-DAD80C0C7229}.Debug|Any CPU.Build.0 = Debug|Any CPU
		{E3DD1E9D-A3F6-4910-B697-DAD80C0C7229}.Debug|x64.ActiveCfg = Debug|Any CPU
		{E3DD1E9D-A3F6-4910-B697-DAD80C0C7229}.Debug|x64.Build.0 = Debug|Any CPU
		{E3DD1E9D-A3F6-4910-B697-DAD80C0C7229}.Debug|x86.ActiveCfg = Debug|Any CPU
		{E3DD1E9D-A3F6-4910-B697-DAD80C0C7229}.Debug|x86.Build.0 = Debug|Any CPU
		{E3DD1E9D-A3F6-4910-B697-DAD80C0C7229}.Release|Any CPU.ActiveCfg = Release|Any CPU
		{E3DD1E9D-A3F6-4910-B697-DAD80C0C7229}.Release|Any CPU.Build.0 = Release|Any CPU
		{E3DD1E9D-A3F6-4910-B697-DAD80C0C7229}.Release|x64.ActiveCfg = Release|Any CPU
		{E3DD1E9D-A3F6-4910-B697-DAD80C0C7229}.Release|x64.Build.0 = Release|Any CPU
		{E3DD1E9D-A3F6-4910-B697-DAD80C0C7229}.Release|x86.ActiveCfg = Release|Any CPU
		{E3DD1E9D-A3F6-4910-B697-DAD80C0C7229}.Release|x86.Build.0 = Release|Any CPU
		{21792794-2D77-4C43-987F-AFA3EBF9AAEE}.Debug|Any CPU.ActiveCfg = Debug|Any CPU
		{21792794-2D77-4C43-987F-AFA3EBF9AAEE}.Debug|Any CPU.Build.0 = Debug|Any CPU
		{21792794-2D77-4C43-987F-AFA3EBF9AAEE}.Debug|x64.ActiveCfg = Debug|Any CPU
		{21792794-2D77-4C43-987F-AFA3EBF9AAEE}.Debug|x64.Build.0 = Debug|Any CPU
		{21792794-2D77-4C43-987F-AFA3EBF9AAEE}.Debug|x86.ActiveCfg = Debug|Any CPU
		{21792794-2D77-4C43-987F-AFA3EBF9AAEE}.Debug|x86.Build.0 = Debug|Any CPU
		{21792794-2D77-4C43-987F-AFA3EBF9AAEE}.Release|Any CPU.ActiveCfg = Release|Any CPU
		{21792794-2D77-4C43-987F-AFA3EBF9AAEE}.Release|Any CPU.Build.0 = Release|Any CPU
		{21792794-2D77-4C43-987F-AFA3EBF9AAEE}.Release|x64.ActiveCfg = Release|Any CPU
		{21792794-2D77-4C43-987F-AFA3EBF9AAEE}.Release|x64.Build.0 = Release|Any CPU
		{21792794-2D77-4C43-987F-AFA3EBF9AAEE}.Release|x86.ActiveCfg = Release|Any CPU
		{21792794-2D77-4C43-987F-AFA3EBF9AAEE}.Release|x86.Build.0 = Release|Any CPU
		{89ACA5F7-7DE2-4F74-952B-C4282F4B096D}.Debug|Any CPU.ActiveCfg = Debug|Any CPU
		{89ACA5F7-7DE2-4F74-952B-C4282F4B096D}.Debug|Any CPU.Build.0 = Debug|Any CPU
		{89ACA5F7-7DE2-4F74-952B-C4282F4B096D}.Debug|x64.ActiveCfg = Debug|Any CPU
		{89ACA5F7-7DE2-4F74-952B-C4282F4B096D}.Debug|x64.Build.0 = Debug|Any CPU
		{89ACA5F7-7DE2-4F74-952B-C4282F4B096D}.Debug|x86.ActiveCfg = Debug|Any CPU
		{89ACA5F7-7DE2-4F74-952B-C4282F4B096D}.Debug|x86.Build.0 = Debug|Any CPU
		{89ACA5F7-7DE2-4F74-952B-C4282F4B096D}.Release|Any CPU.ActiveCfg = Release|Any CPU
		{89ACA5F7-7DE2-4F74-952B-C4282F4B096D}.Release|Any CPU.Build.0 = Release|Any CPU
		{89ACA5F7-7DE2-4F74-952B-C4282F4B096D}.Release|x64.ActiveCfg = Release|Any CPU
		{89ACA5F7-7DE2-4F74-952B-C4282F4B096D}.Release|x64.Build.0 = Release|Any CPU
		{89ACA5F7-7DE2-4F74-952B-C4282F4B096D}.Release|x86.ActiveCfg = Release|Any CPU
		{89ACA5F7-7DE2-4F74-952B-C4282F4B096D}.Release|x86.Build.0 = Release|Any CPU
		{741567CA-C2D9-4DF0-BAFE-B6531DADE131}.Debug|Any CPU.ActiveCfg = Debug|Any CPU
		{741567CA-C2D9-4DF0-BAFE-B6531DADE131}.Debug|Any CPU.Build.0 = Debug|Any CPU
		{741567CA-C2D9-4DF0-BAFE-B6531DADE131}.Debug|x64.ActiveCfg = Debug|Any CPU
		{741567CA-C2D9-4DF0-BAFE-B6531DADE131}.Debug|x64.Build.0 = Debug|Any CPU
		{741567CA-C2D9-4DF0-BAFE-B6531DADE131}.Debug|x86.ActiveCfg = Debug|Any CPU
		{741567CA-C2D9-4DF0-BAFE-B6531DADE131}.Debug|x86.Build.0 = Debug|Any CPU
		{741567CA-C2D9-4DF0-BAFE-B6531DADE131}.Release|Any CPU.ActiveCfg = Release|Any CPU
		{741567CA-C2D9-4DF0-BAFE-B6531DADE131}.Release|Any CPU.Build.0 = Release|Any CPU
		{741567CA-C2D9-4DF0-BAFE-B6531DADE131}.Release|x64.ActiveCfg = Release|Any CPU
		{741567CA-C2D9-4DF0-BAFE-B6531DADE131}.Release|x64.Build.0 = Release|Any CPU
		{741567CA-C2D9-4DF0-BAFE-B6531DADE131}.Release|x86.ActiveCfg = Release|Any CPU
		{741567CA-C2D9-4DF0-BAFE-B6531DADE131}.Release|x86.Build.0 = Release|Any CPU
		{96A11411-DCF6-4E6C-B9D4-79EFFB42BA46}.Debug|Any CPU.ActiveCfg = Debug|Any CPU
		{96A11411-DCF6-4E6C-B9D4-79EFFB42BA46}.Debug|Any CPU.Build.0 = Debug|Any CPU
		{96A11411-DCF6-4E6C-B9D4-79EFFB42BA46}.Debug|x64.ActiveCfg = Debug|Any CPU
		{96A11411-DCF6-4E6C-B9D4-79EFFB42BA46}.Debug|x64.Build.0 = Debug|Any CPU
		{96A11411-DCF6-4E6C-B9D4-79EFFB42BA46}.Debug|x86.ActiveCfg = Debug|Any CPU
		{96A11411-DCF6-4E6C-B9D4-79EFFB42BA46}.Debug|x86.Build.0 = Debug|Any CPU
		{96A11411-DCF6-4E6C-B9D4-79EFFB42BA46}.Release|Any CPU.ActiveCfg = Release|Any CPU
		{96A11411-DCF6-4E6C-B9D4-79EFFB42BA46}.Release|Any CPU.Build.0 = Release|Any CPU
		{96A11411-DCF6-4E6C-B9D4-79EFFB42BA46}.Release|x64.ActiveCfg = Release|Any CPU
		{96A11411-DCF6-4E6C-B9D4-79EFFB42BA46}.Release|x64.Build.0 = Release|Any CPU
		{96A11411-DCF6-4E6C-B9D4-79EFFB42BA46}.Release|x86.ActiveCfg = Release|Any CPU
		{96A11411-DCF6-4E6C-B9D4-79EFFB42BA46}.Release|x86.Build.0 = Release|Any CPU
		{99342C24-9DD9-42E5-9363-BD7083A9A361}.Debug|Any CPU.ActiveCfg = Debug|Any CPU
		{99342C24-9DD9-42E5-9363-BD7083A9A361}.Debug|Any CPU.Build.0 = Debug|Any CPU
		{99342C24-9DD9-42E5-9363-BD7083A9A361}.Debug|x64.ActiveCfg = Debug|Any CPU
		{99342C24-9DD9-42E5-9363-BD7083A9A361}.Debug|x64.Build.0 = Debug|Any CPU
		{99342C24-9DD9-42E5-9363-BD7083A9A361}.Debug|x86.ActiveCfg = Debug|Any CPU
		{99342C24-9DD9-42E5-9363-BD7083A9A361}.Debug|x86.Build.0 = Debug|Any CPU
		{99342C24-9DD9-42E5-9363-BD7083A9A361}.Release|Any CPU.ActiveCfg = Release|Any CPU
		{99342C24-9DD9-42E5-9363-BD7083A9A361}.Release|Any CPU.Build.0 = Release|Any CPU
		{99342C24-9DD9-42E5-9363-BD7083A9A361}.Release|x64.ActiveCfg = Release|Any CPU
		{99342C24-9DD9-42E5-9363-BD7083A9A361}.Release|x64.Build.0 = Release|Any CPU
		{99342C24-9DD9-42E5-9363-BD7083A9A361}.Release|x86.ActiveCfg = Release|Any CPU
		{99342C24-9DD9-42E5-9363-BD7083A9A361}.Release|x86.Build.0 = Release|Any CPU
		{DC14A9B0-5BC5-4DE2-8349-7680D4A486ED}.Debug|Any CPU.ActiveCfg = Debug|Any CPU
		{DC14A9B0-5BC5-4DE2-8349-7680D4A486ED}.Debug|Any CPU.Build.0 = Debug|Any CPU
		{DC14A9B0-5BC5-4DE2-8349-7680D4A486ED}.Debug|x64.ActiveCfg = Debug|Any CPU
		{DC14A9B0-5BC5-4DE2-8349-7680D4A486ED}.Debug|x64.Build.0 = Debug|Any CPU
		{DC14A9B0-5BC5-4DE2-8349-7680D4A486ED}.Debug|x86.ActiveCfg = Debug|Any CPU
		{DC14A9B0-5BC5-4DE2-8349-7680D4A486ED}.Debug|x86.Build.0 = Debug|Any CPU
		{DC14A9B0-5BC5-4DE2-8349-7680D4A486ED}.Release|Any CPU.ActiveCfg = Release|Any CPU
		{DC14A9B0-5BC5-4DE2-8349-7680D4A486ED}.Release|Any CPU.Build.0 = Release|Any CPU
		{DC14A9B0-5BC5-4DE2-8349-7680D4A486ED}.Release|x64.ActiveCfg = Release|Any CPU
		{DC14A9B0-5BC5-4DE2-8349-7680D4A486ED}.Release|x64.Build.0 = Release|Any CPU
		{DC14A9B0-5BC5-4DE2-8349-7680D4A486ED}.Release|x86.ActiveCfg = Release|Any CPU
		{DC14A9B0-5BC5-4DE2-8349-7680D4A486ED}.Release|x86.Build.0 = Release|Any CPU
		{115894A1-3DCC-4879-8E35-D0E021141845}.Debug|Any CPU.ActiveCfg = Debug|Any CPU
		{115894A1-3DCC-4879-8E35-D0E021141845}.Debug|Any CPU.Build.0 = Debug|Any CPU
		{115894A1-3DCC-4879-8E35-D0E021141845}.Debug|x64.ActiveCfg = Debug|Any CPU
		{115894A1-3DCC-4879-8E35-D0E021141845}.Debug|x64.Build.0 = Debug|Any CPU
		{115894A1-3DCC-4879-8E35-D0E021141845}.Debug|x86.ActiveCfg = Debug|Any CPU
		{115894A1-3DCC-4879-8E35-D0E021141845}.Debug|x86.Build.0 = Debug|Any CPU
		{115894A1-3DCC-4879-8E35-D0E021141845}.Release|Any CPU.ActiveCfg = Release|Any CPU
		{115894A1-3DCC-4879-8E35-D0E021141845}.Release|Any CPU.Build.0 = Release|Any CPU
		{115894A1-3DCC-4879-8E35-D0E021141845}.Release|x64.ActiveCfg = Release|Any CPU
		{115894A1-3DCC-4879-8E35-D0E021141845}.Release|x64.Build.0 = Release|Any CPU
		{115894A1-3DCC-4879-8E35-D0E021141845}.Release|x86.ActiveCfg = Release|Any CPU
		{115894A1-3DCC-4879-8E35-D0E021141845}.Release|x86.Build.0 = Release|Any CPU
		{3AE94BC4-8029-4F15-89AF-39A15B40E00B}.Debug|Any CPU.ActiveCfg = Debug|Any CPU
		{3AE94BC4-8029-4F15-89AF-39A15B40E00B}.Debug|Any CPU.Build.0 = Debug|Any CPU
		{3AE94BC4-8029-4F15-89AF-39A15B40E00B}.Debug|x64.ActiveCfg = Debug|Any CPU
		{3AE94BC4-8029-4F15-89AF-39A15B40E00B}.Debug|x64.Build.0 = Debug|Any CPU
		{3AE94BC4-8029-4F15-89AF-39A15B40E00B}.Debug|x86.ActiveCfg = Debug|Any CPU
		{3AE94BC4-8029-4F15-89AF-39A15B40E00B}.Debug|x86.Build.0 = Debug|Any CPU
		{3AE94BC4-8029-4F15-89AF-39A15B40E00B}.Release|Any CPU.ActiveCfg = Release|Any CPU
		{3AE94BC4-8029-4F15-89AF-39A15B40E00B}.Release|Any CPU.Build.0 = Release|Any CPU
		{3AE94BC4-8029-4F15-89AF-39A15B40E00B}.Release|x64.ActiveCfg = Release|Any CPU
		{3AE94BC4-8029-4F15-89AF-39A15B40E00B}.Release|x64.Build.0 = Release|Any CPU
		{3AE94BC4-8029-4F15-89AF-39A15B40E00B}.Release|x86.ActiveCfg = Release|Any CPU
		{3AE94BC4-8029-4F15-89AF-39A15B40E00B}.Release|x86.Build.0 = Release|Any CPU
		{044A3ED0-C179-483F-BA63-FD0D7B29F4B0}.Debug|Any CPU.ActiveCfg = Debug|Any CPU
		{044A3ED0-C179-483F-BA63-FD0D7B29F4B0}.Debug|Any CPU.Build.0 = Debug|Any CPU
		{044A3ED0-C179-483F-BA63-FD0D7B29F4B0}.Debug|x64.ActiveCfg = Debug|Any CPU
		{044A3ED0-C179-483F-BA63-FD0D7B29F4B0}.Debug|x64.Build.0 = Debug|Any CPU
		{044A3ED0-C179-483F-BA63-FD0D7B29F4B0}.Debug|x86.ActiveCfg = Debug|Any CPU
		{044A3ED0-C179-483F-BA63-FD0D7B29F4B0}.Debug|x86.Build.0 = Debug|Any CPU
		{044A3ED0-C179-483F-BA63-FD0D7B29F4B0}.Release|Any CPU.ActiveCfg = Release|Any CPU
		{044A3ED0-C179-483F-BA63-FD0D7B29F4B0}.Release|Any CPU.Build.0 = Release|Any CPU
		{044A3ED0-C179-483F-BA63-FD0D7B29F4B0}.Release|x64.ActiveCfg = Release|Any CPU
		{044A3ED0-C179-483F-BA63-FD0D7B29F4B0}.Release|x64.Build.0 = Release|Any CPU
		{044A3ED0-C179-483F-BA63-FD0D7B29F4B0}.Release|x86.ActiveCfg = Release|Any CPU
		{044A3ED0-C179-483F-BA63-FD0D7B29F4B0}.Release|x86.Build.0 = Release|Any CPU
		{9DE5221C-45FB-4081-9C28-B5AC296AF13C}.Debug|Any CPU.ActiveCfg = Debug|Any CPU
		{9DE5221C-45FB-4081-9C28-B5AC296AF13C}.Debug|Any CPU.Build.0 = Debug|Any CPU
		{9DE5221C-45FB-4081-9C28-B5AC296AF13C}.Debug|x64.ActiveCfg = Debug|Any CPU
		{9DE5221C-45FB-4081-9C28-B5AC296AF13C}.Debug|x64.Build.0 = Debug|Any CPU
		{9DE5221C-45FB-4081-9C28-B5AC296AF13C}.Debug|x86.ActiveCfg = Debug|Any CPU
		{9DE5221C-45FB-4081-9C28-B5AC296AF13C}.Debug|x86.Build.0 = Debug|Any CPU
		{9DE5221C-45FB-4081-9C28-B5AC296AF13C}.Release|Any CPU.ActiveCfg = Release|Any CPU
		{9DE5221C-45FB-4081-9C28-B5AC296AF13C}.Release|Any CPU.Build.0 = Release|Any CPU
		{9DE5221C-45FB-4081-9C28-B5AC296AF13C}.Release|x64.ActiveCfg = Release|Any CPU
		{9DE5221C-45FB-4081-9C28-B5AC296AF13C}.Release|x64.Build.0 = Release|Any CPU
		{9DE5221C-45FB-4081-9C28-B5AC296AF13C}.Release|x86.ActiveCfg = Release|Any CPU
		{9DE5221C-45FB-4081-9C28-B5AC296AF13C}.Release|x86.Build.0 = Release|Any CPU
		{82DD8C15-2FEF-4B32-B36D-85EBDBC9C2BE}.Debug|Any CPU.ActiveCfg = Debug|Any CPU
		{82DD8C15-2FEF-4B32-B36D-85EBDBC9C2BE}.Debug|Any CPU.Build.0 = Debug|Any CPU
		{82DD8C15-2FEF-4B32-B36D-85EBDBC9C2BE}.Debug|x64.ActiveCfg = Debug|Any CPU
		{82DD8C15-2FEF-4B32-B36D-85EBDBC9C2BE}.Debug|x64.Build.0 = Debug|Any CPU
		{82DD8C15-2FEF-4B32-B36D-85EBDBC9C2BE}.Debug|x86.ActiveCfg = Debug|Any CPU
		{82DD8C15-2FEF-4B32-B36D-85EBDBC9C2BE}.Debug|x86.Build.0 = Debug|Any CPU
		{82DD8C15-2FEF-4B32-B36D-85EBDBC9C2BE}.Release|Any CPU.ActiveCfg = Release|Any CPU
		{82DD8C15-2FEF-4B32-B36D-85EBDBC9C2BE}.Release|Any CPU.Build.0 = Release|Any CPU
		{82DD8C15-2FEF-4B32-B36D-85EBDBC9C2BE}.Release|x64.ActiveCfg = Release|Any CPU
		{82DD8C15-2FEF-4B32-B36D-85EBDBC9C2BE}.Release|x64.Build.0 = Release|Any CPU
		{82DD8C15-2FEF-4B32-B36D-85EBDBC9C2BE}.Release|x86.ActiveCfg = Release|Any CPU
		{82DD8C15-2FEF-4B32-B36D-85EBDBC9C2BE}.Release|x86.Build.0 = Release|Any CPU
	EndGlobalSection
	GlobalSection(SolutionProperties) = preSolution
		HideSolutionNode = FALSE
	EndGlobalSection
	GlobalSection(ExtensibilityGlobals) = postSolution
		SolutionGuid = {268F1616-C592-4E64-8DC4-DFD1A6EE11E8}
	EndGlobalSection
	GlobalSection(NestedProjects) = preSolution
		{A437C614-7B21-4FA8-B66F-39FB9CC030F1} = {294A33A1-7650-4179-8921-4771FFEF9F5A}
		{ADE85524-FF51-4B21-BC37-B2A4D531351B} = {A437C614-7B21-4FA8-B66F-39FB9CC030F1}
		{E03C85A9-F6CA-4756-9EA3-7982F6973460} = {A437C614-7B21-4FA8-B66F-39FB9CC030F1}
		{C4A88C35-EAC7-4538-B904-2E5A03F80804} = {294A33A1-7650-4179-8921-4771FFEF9F5A}
		{E3DD1E9D-A3F6-4910-B697-DAD80C0C7229} = {C4A88C35-EAC7-4538-B904-2E5A03F80804}
		{21792794-2D77-4C43-987F-AFA3EBF9AAEE} = {C4A88C35-EAC7-4538-B904-2E5A03F80804}
		{4FECD17A-2BD5-4783-BB08-FDB96C8D5258} = {294A33A1-7650-4179-8921-4771FFEF9F5A}
		{89ACA5F7-7DE2-4F74-952B-C4282F4B096D} = {4FECD17A-2BD5-4783-BB08-FDB96C8D5258}
		{741567CA-C2D9-4DF0-BAFE-B6531DADE131} = {4FECD17A-2BD5-4783-BB08-FDB96C8D5258}
		{D6C4749F-F495-4EEB-9070-B20A680056FA} = {294A33A1-7650-4179-8921-4771FFEF9F5A}
		{96A11411-DCF6-4E6C-B9D4-79EFFB42BA46} = {D6C4749F-F495-4EEB-9070-B20A680056FA}
		{99342C24-9DD9-42E5-9363-BD7083A9A361} = {D6C4749F-F495-4EEB-9070-B20A680056FA}
		{A2A843EB-239C-4C0E-9D88-EF4C3FF6AF7E} = {294A33A1-7650-4179-8921-4771FFEF9F5A}
		{DC14A9B0-5BC5-4DE2-8349-7680D4A486ED} = {A2A843EB-239C-4C0E-9D88-EF4C3FF6AF7E}
		{115894A1-3DCC-4879-8E35-D0E021141845} = {A2A843EB-239C-4C0E-9D88-EF4C3FF6AF7E}
		{337A914E-662A-4675-A597-150D17F6EEFC} = {294A33A1-7650-4179-8921-4771FFEF9F5A}
		{3AE94BC4-8029-4F15-89AF-39A15B40E00B} = {337A914E-662A-4675-A597-150D17F6EEFC}
		{044A3ED0-C179-483F-BA63-FD0D7B29F4B0} = {337A914E-662A-4675-A597-150D17F6EEFC}
		{377331A1-D4EF-429F-B7C1-42902335EF3F} = {294A33A1-7650-4179-8921-4771FFEF9F5A}
		{9DE5221C-45FB-4081-9C28-B5AC296AF13C} = {377331A1-D4EF-429F-B7C1-42902335EF3F}
		{82DD8C15-2FEF-4B32-B36D-85EBDBC9C2BE} = {377331A1-D4EF-429F-B7C1-42902335EF3F}
	EndGlobalSection
EndGlobal
