
Microsoft Visual Studio Solution File, Format Version 12.00
# Visual Studio Version 17
VisualStudioVersion = 17.6.33815.320
MinimumVisualStudioVersion = 10.0.40219.1
Project("{2150E333-8FDC-42A3-9474-1A3956D46DE8}") = "ABC335", "ABC335", "{6FE0011A-2FEF-448D-8641-4439421D6895}"
EndProject
Project("{2150E333-8FDC-42A3-9474-1A3956D46DE8}") = "A", "A", "{D65958F0-5B22-45D8-A2C9-7BA91F6E425F}"
EndProject
Project("{FAE04EC0-301F-11D3-BF4B-00C04F79EFBC}") = "ABC335_A", "ABC335\A\src\ABC335_A.csproj", "{950831D2-5DC3-4208-BA9C-E5CFA69D5911}"
EndProject
Project("{FAE04EC0-301F-11D3-BF4B-00C04F79EFBC}") = "ABC335_ATests", "ABC335\A\test\ABC335_ATests.csproj", "{4AC90DFE-BE87-4F51-B7E4-D95A4D37005E}"
EndProject
Project("{2150E333-8FDC-42A3-9474-1A3956D46DE8}") = "B", "B", "{28C8D66D-2BC9-476F-A8CA-606419CF58BF}"
EndProject
Project("{FAE04EC0-301F-11D3-BF4B-00C04F79EFBC}") = "ABC335_B", "ABC335\B\src\ABC335_B.csproj", "{7A97002B-C51B-4346-8FF2-BD42B7DD9D0C}"
EndProject
Project("{FAE04EC0-301F-11D3-BF4B-00C04F79EFBC}") = "ABC335_BTests", "ABC335\B\test\ABC335_BTests.csproj", "{A8C912BF-0ED0-44C1-B78F-A63D5D22B2BE}"
EndProject
Project("{2150E333-8FDC-42A3-9474-1A3956D46DE8}") = "C", "C", "{86A85FF0-18C5-4B9D-91A4-A8860A03FB23}"
EndProject
Project("{FAE04EC0-301F-11D3-BF4B-00C04F79EFBC}") = "ABC335_C", "ABC335\C\src\ABC335_C.csproj", "{BCAA6E94-C1FA-4C2B-9CB5-C5446501E20A}"
EndProject
Project("{FAE04EC0-301F-11D3-BF4B-00C04F79EFBC}") = "ABC335_CTests", "ABC335\C\test\ABC335_CTests.csproj", "{C2477989-AAB6-407D-BCDC-F2DA59811D71}"
EndProject
Project("{2150E333-8FDC-42A3-9474-1A3956D46DE8}") = "D", "D", "{D67028DE-F493-4D73-8865-3B750427C1CD}"
EndProject
Project("{FAE04EC0-301F-11D3-BF4B-00C04F79EFBC}") = "ABC335_D", "ABC335\D\src\ABC335_D.csproj", "{EF4D30D1-6318-479C-8A6A-006F66C4675C}"
EndProject
Project("{FAE04EC0-301F-11D3-BF4B-00C04F79EFBC}") = "ABC335_DTests", "ABC335\D\test\ABC335_DTests.csproj", "{500028C9-AFD2-44D9-A665-B0E4FC4B4155}"
EndProject
Project("{2150E333-8FDC-42A3-9474-1A3956D46DE8}") = "E", "E", "{E6312A57-A957-415A-8D36-7EF70A025BFD}"
EndProject
Project("{FAE04EC0-301F-11D3-BF4B-00C04F79EFBC}") = "ABC335_E", "ABC335\E\src\ABC335_E.csproj", "{9537CFB2-3EFD-45DA-BB92-ED02BBFB686F}"
EndProject
Project("{FAE04EC0-301F-11D3-BF4B-00C04F79EFBC}") = "ABC335_ETests", "ABC335\E\test\ABC335_ETests.csproj", "{4A2DB249-6D75-4DFA-ADD4-A11B2D7E9B75}"
EndProject
Project("{2150E333-8FDC-42A3-9474-1A3956D46DE8}") = "F", "F", "{E6B7D619-0332-477D-A526-E4BC1AC381AC}"
EndProject
Project("{FAE04EC0-301F-11D3-BF4B-00C04F79EFBC}") = "ABC335_F", "ABC335\F\src\ABC335_F.csproj", "{C448FB0D-A081-4ACA-B34A-B37372FE3443}"
EndProject
Project("{FAE04EC0-301F-11D3-BF4B-00C04F79EFBC}") = "ABC335_FTests", "ABC335\F\test\ABC335_FTests.csproj", "{C2E3772E-65A6-44D4-A69E-6CC4DF721036}"
EndProject
Project("{2150E333-8FDC-42A3-9474-1A3956D46DE8}") = "G", "G", "{D45E71D4-1DD9-4E5F-AC76-62A9E4AADC04}"
EndProject
Project("{FAE04EC0-301F-11D3-BF4B-00C04F79EFBC}") = "ABC335_G", "ABC335\G\src\ABC335_G.csproj", "{BD6B7997-17CE-486F-BCA4-8657BF285C2C}"
EndProject
Project("{FAE04EC0-301F-11D3-BF4B-00C04F79EFBC}") = "ABC335_GTests", "ABC335\G\test\ABC335_GTests.csproj", "{CAC74816-8BC2-4D75-91A7-D90EE4C103F2}"
EndProject
Global
	GlobalSection(SolutionConfigurationPlatforms) = preSolution
		Debug|Any CPU = Debug|Any CPU
		Debug|x64 = Debug|x64
		Debug|x86 = Debug|x86
		Release|Any CPU = Release|Any CPU
		Release|x64 = Release|x64
		Release|x86 = Release|x86
	EndGlobalSection
	GlobalSection(ProjectConfigurationPlatforms) = postSolution
		{950831D2-5DC3-4208-BA9C-E5CFA69D5911}.Debug|Any CPU.ActiveCfg = Debug|Any CPU
		{950831D2-5DC3-4208-BA9C-E5CFA69D5911}.Debug|Any CPU.Build.0 = Debug|Any CPU
		{950831D2-5DC3-4208-BA9C-E5CFA69D5911}.Debug|x64.ActiveCfg = Debug|Any CPU
		{950831D2-5DC3-4208-BA9C-E5CFA69D5911}.Debug|x64.Build.0 = Debug|Any CPU
		{950831D2-5DC3-4208-BA9C-E5CFA69D5911}.Debug|x86.ActiveCfg = Debug|Any CPU
		{950831D2-5DC3-4208-BA9C-E5CFA69D5911}.Debug|x86.Build.0 = Debug|Any CPU
		{950831D2-5DC3-4208-BA9C-E5CFA69D5911}.Release|Any CPU.ActiveCfg = Release|Any CPU
		{950831D2-5DC3-4208-BA9C-E5CFA69D5911}.Release|Any CPU.Build.0 = Release|Any CPU
		{950831D2-5DC3-4208-BA9C-E5CFA69D5911}.Release|x64.ActiveCfg = Release|Any CPU
		{950831D2-5DC3-4208-BA9C-E5CFA69D5911}.Release|x64.Build.0 = Release|Any CPU
		{950831D2-5DC3-4208-BA9C-E5CFA69D5911}.Release|x86.ActiveCfg = Release|Any CPU
		{950831D2-5DC3-4208-BA9C-E5CFA69D5911}.Release|x86.Build.0 = Release|Any CPU
		{4AC90DFE-BE87-4F51-B7E4-D95A4D37005E}.Debug|Any CPU.ActiveCfg = Debug|Any CPU
		{4AC90DFE-BE87-4F51-B7E4-D95A4D37005E}.Debug|Any CPU.Build.0 = Debug|Any CPU
		{4AC90DFE-BE87-4F51-B7E4-D95A4D37005E}.Debug|x64.ActiveCfg = Debug|Any CPU
		{4AC90DFE-BE87-4F51-B7E4-D95A4D37005E}.Debug|x64.Build.0 = Debug|Any CPU
		{4AC90DFE-BE87-4F51-B7E4-D95A4D37005E}.Debug|x86.ActiveCfg = Debug|Any CPU
		{4AC90DFE-BE87-4F51-B7E4-D95A4D37005E}.Debug|x86.Build.0 = Debug|Any CPU
		{4AC90DFE-BE87-4F51-B7E4-D95A4D37005E}.Release|Any CPU.ActiveCfg = Release|Any CPU
		{4AC90DFE-BE87-4F51-B7E4-D95A4D37005E}.Release|Any CPU.Build.0 = Release|Any CPU
		{4AC90DFE-BE87-4F51-B7E4-D95A4D37005E}.Release|x64.ActiveCfg = Release|Any CPU
		{4AC90DFE-BE87-4F51-B7E4-D95A4D37005E}.Release|x64.Build.0 = Release|Any CPU
		{4AC90DFE-BE87-4F51-B7E4-D95A4D37005E}.Release|x86.ActiveCfg = Release|Any CPU
		{4AC90DFE-BE87-4F51-B7E4-D95A4D37005E}.Release|x86.Build.0 = Release|Any CPU
		{7A97002B-C51B-4346-8FF2-BD42B7DD9D0C}.Debug|Any CPU.ActiveCfg = Debug|Any CPU
		{7A97002B-C51B-4346-8FF2-BD42B7DD9D0C}.Debug|Any CPU.Build.0 = Debug|Any CPU
		{7A97002B-C51B-4346-8FF2-BD42B7DD9D0C}.Debug|x64.ActiveCfg = Debug|Any CPU
		{7A97002B-C51B-4346-8FF2-BD42B7DD9D0C}.Debug|x64.Build.0 = Debug|Any CPU
		{7A97002B-C51B-4346-8FF2-BD42B7DD9D0C}.Debug|x86.ActiveCfg = Debug|Any CPU
		{7A97002B-C51B-4346-8FF2-BD42B7DD9D0C}.Debug|x86.Build.0 = Debug|Any CPU
		{7A97002B-C51B-4346-8FF2-BD42B7DD9D0C}.Release|Any CPU.ActiveCfg = Release|Any CPU
		{7A97002B-C51B-4346-8FF2-BD42B7DD9D0C}.Release|Any CPU.Build.0 = Release|Any CPU
		{7A97002B-C51B-4346-8FF2-BD42B7DD9D0C}.Release|x64.ActiveCfg = Release|Any CPU
		{7A97002B-C51B-4346-8FF2-BD42B7DD9D0C}.Release|x64.Build.0 = Release|Any CPU
		{7A97002B-C51B-4346-8FF2-BD42B7DD9D0C}.Release|x86.ActiveCfg = Release|Any CPU
		{7A97002B-C51B-4346-8FF2-BD42B7DD9D0C}.Release|x86.Build.0 = Release|Any CPU
		{A8C912BF-0ED0-44C1-B78F-A63D5D22B2BE}.Debug|Any CPU.ActiveCfg = Debug|Any CPU
		{A8C912BF-0ED0-44C1-B78F-A63D5D22B2BE}.Debug|Any CPU.Build.0 = Debug|Any CPU
		{A8C912BF-0ED0-44C1-B78F-A63D5D22B2BE}.Debug|x64.ActiveCfg = Debug|Any CPU
		{A8C912BF-0ED0-44C1-B78F-A63D5D22B2BE}.Debug|x64.Build.0 = Debug|Any CPU
		{A8C912BF-0ED0-44C1-B78F-A63D5D22B2BE}.Debug|x86.ActiveCfg = Debug|Any CPU
		{A8C912BF-0ED0-44C1-B78F-A63D5D22B2BE}.Debug|x86.Build.0 = Debug|Any CPU
		{A8C912BF-0ED0-44C1-B78F-A63D5D22B2BE}.Release|Any CPU.ActiveCfg = Release|Any CPU
		{A8C912BF-0ED0-44C1-B78F-A63D5D22B2BE}.Release|Any CPU.Build.0 = Release|Any CPU
		{A8C912BF-0ED0-44C1-B78F-A63D5D22B2BE}.Release|x64.ActiveCfg = Release|Any CPU
		{A8C912BF-0ED0-44C1-B78F-A63D5D22B2BE}.Release|x64.Build.0 = Release|Any CPU
		{A8C912BF-0ED0-44C1-B78F-A63D5D22B2BE}.Release|x86.ActiveCfg = Release|Any CPU
		{A8C912BF-0ED0-44C1-B78F-A63D5D22B2BE}.Release|x86.Build.0 = Release|Any CPU
		{BCAA6E94-C1FA-4C2B-9CB5-C5446501E20A}.Debug|Any CPU.ActiveCfg = Debug|Any CPU
		{BCAA6E94-C1FA-4C2B-9CB5-C5446501E20A}.Debug|Any CPU.Build.0 = Debug|Any CPU
		{BCAA6E94-C1FA-4C2B-9CB5-C5446501E20A}.Debug|x64.ActiveCfg = Debug|Any CPU
		{BCAA6E94-C1FA-4C2B-9CB5-C5446501E20A}.Debug|x64.Build.0 = Debug|Any CPU
		{BCAA6E94-C1FA-4C2B-9CB5-C5446501E20A}.Debug|x86.ActiveCfg = Debug|Any CPU
		{BCAA6E94-C1FA-4C2B-9CB5-C5446501E20A}.Debug|x86.Build.0 = Debug|Any CPU
		{BCAA6E94-C1FA-4C2B-9CB5-C5446501E20A}.Release|Any CPU.ActiveCfg = Release|Any CPU
		{BCAA6E94-C1FA-4C2B-9CB5-C5446501E20A}.Release|Any CPU.Build.0 = Release|Any CPU
		{BCAA6E94-C1FA-4C2B-9CB5-C5446501E20A}.Release|x64.ActiveCfg = Release|Any CPU
		{BCAA6E94-C1FA-4C2B-9CB5-C5446501E20A}.Release|x64.Build.0 = Release|Any CPU
		{BCAA6E94-C1FA-4C2B-9CB5-C5446501E20A}.Release|x86.ActiveCfg = Release|Any CPU
		{BCAA6E94-C1FA-4C2B-9CB5-C5446501E20A}.Release|x86.Build.0 = Release|Any CPU
		{C2477989-AAB6-407D-BCDC-F2DA59811D71}.Debug|Any CPU.ActiveCfg = Debug|Any CPU
		{C2477989-AAB6-407D-BCDC-F2DA59811D71}.Debug|Any CPU.Build.0 = Debug|Any CPU
		{C2477989-AAB6-407D-BCDC-F2DA59811D71}.Debug|x64.ActiveCfg = Debug|Any CPU
		{C2477989-AAB6-407D-BCDC-F2DA59811D71}.Debug|x64.Build.0 = Debug|Any CPU
		{C2477989-AAB6-407D-BCDC-F2DA59811D71}.Debug|x86.ActiveCfg = Debug|Any CPU
		{C2477989-AAB6-407D-BCDC-F2DA59811D71}.Debug|x86.Build.0 = Debug|Any CPU
		{C2477989-AAB6-407D-BCDC-F2DA59811D71}.Release|Any CPU.ActiveCfg = Release|Any CPU
		{C2477989-AAB6-407D-BCDC-F2DA59811D71}.Release|Any CPU.Build.0 = Release|Any CPU
		{C2477989-AAB6-407D-BCDC-F2DA59811D71}.Release|x64.ActiveCfg = Release|Any CPU
		{C2477989-AAB6-407D-BCDC-F2DA59811D71}.Release|x64.Build.0 = Release|Any CPU
		{C2477989-AAB6-407D-BCDC-F2DA59811D71}.Release|x86.ActiveCfg = Release|Any CPU
		{C2477989-AAB6-407D-BCDC-F2DA59811D71}.Release|x86.Build.0 = Release|Any CPU
		{EF4D30D1-6318-479C-8A6A-006F66C4675C}.Debug|Any CPU.ActiveCfg = Debug|Any CPU
		{EF4D30D1-6318-479C-8A6A-006F66C4675C}.Debug|Any CPU.Build.0 = Debug|Any CPU
		{EF4D30D1-6318-479C-8A6A-006F66C4675C}.Debug|x64.ActiveCfg = Debug|Any CPU
		{EF4D30D1-6318-479C-8A6A-006F66C4675C}.Debug|x64.Build.0 = Debug|Any CPU
		{EF4D30D1-6318-479C-8A6A-006F66C4675C}.Debug|x86.ActiveCfg = Debug|Any CPU
		{EF4D30D1-6318-479C-8A6A-006F66C4675C}.Debug|x86.Build.0 = Debug|Any CPU
		{EF4D30D1-6318-479C-8A6A-006F66C4675C}.Release|Any CPU.ActiveCfg = Release|Any CPU
		{EF4D30D1-6318-479C-8A6A-006F66C4675C}.Release|Any CPU.Build.0 = Release|Any CPU
		{EF4D30D1-6318-479C-8A6A-006F66C4675C}.Release|x64.ActiveCfg = Release|Any CPU
		{EF4D30D1-6318-479C-8A6A-006F66C4675C}.Release|x64.Build.0 = Release|Any CPU
		{EF4D30D1-6318-479C-8A6A-006F66C4675C}.Release|x86.ActiveCfg = Release|Any CPU
		{EF4D30D1-6318-479C-8A6A-006F66C4675C}.Release|x86.Build.0 = Release|Any CPU
		{500028C9-AFD2-44D9-A665-B0E4FC4B4155}.Debug|Any CPU.ActiveCfg = Debug|Any CPU
		{500028C9-AFD2-44D9-A665-B0E4FC4B4155}.Debug|Any CPU.Build.0 = Debug|Any CPU
		{500028C9-AFD2-44D9-A665-B0E4FC4B4155}.Debug|x64.ActiveCfg = Debug|Any CPU
		{500028C9-AFD2-44D9-A665-B0E4FC4B4155}.Debug|x64.Build.0 = Debug|Any CPU
		{500028C9-AFD2-44D9-A665-B0E4FC4B4155}.Debug|x86.ActiveCfg = Debug|Any CPU
		{500028C9-AFD2-44D9-A665-B0E4FC4B4155}.Debug|x86.Build.0 = Debug|Any CPU
		{500028C9-AFD2-44D9-A665-B0E4FC4B4155}.Release|Any CPU.ActiveCfg = Release|Any CPU
		{500028C9-AFD2-44D9-A665-B0E4FC4B4155}.Release|Any CPU.Build.0 = Release|Any CPU
		{500028C9-AFD2-44D9-A665-B0E4FC4B4155}.Release|x64.ActiveCfg = Release|Any CPU
		{500028C9-AFD2-44D9-A665-B0E4FC4B4155}.Release|x64.Build.0 = Release|Any CPU
		{500028C9-AFD2-44D9-A665-B0E4FC4B4155}.Release|x86.ActiveCfg = Release|Any CPU
		{500028C9-AFD2-44D9-A665-B0E4FC4B4155}.Release|x86.Build.0 = Release|Any CPU
		{9537CFB2-3EFD-45DA-BB92-ED02BBFB686F}.Debug|Any CPU.ActiveCfg = Debug|Any CPU
		{9537CFB2-3EFD-45DA-BB92-ED02BBFB686F}.Debug|Any CPU.Build.0 = Debug|Any CPU
		{9537CFB2-3EFD-45DA-BB92-ED02BBFB686F}.Debug|x64.ActiveCfg = Debug|Any CPU
		{9537CFB2-3EFD-45DA-BB92-ED02BBFB686F}.Debug|x64.Build.0 = Debug|Any CPU
		{9537CFB2-3EFD-45DA-BB92-ED02BBFB686F}.Debug|x86.ActiveCfg = Debug|Any CPU
		{9537CFB2-3EFD-45DA-BB92-ED02BBFB686F}.Debug|x86.Build.0 = Debug|Any CPU
		{9537CFB2-3EFD-45DA-BB92-ED02BBFB686F}.Release|Any CPU.ActiveCfg = Release|Any CPU
		{9537CFB2-3EFD-45DA-BB92-ED02BBFB686F}.Release|Any CPU.Build.0 = Release|Any CPU
		{9537CFB2-3EFD-45DA-BB92-ED02BBFB686F}.Release|x64.ActiveCfg = Release|Any CPU
		{9537CFB2-3EFD-45DA-BB92-ED02BBFB686F}.Release|x64.Build.0 = Release|Any CPU
		{9537CFB2-3EFD-45DA-BB92-ED02BBFB686F}.Release|x86.ActiveCfg = Release|Any CPU
		{9537CFB2-3EFD-45DA-BB92-ED02BBFB686F}.Release|x86.Build.0 = Release|Any CPU
		{4A2DB249-6D75-4DFA-ADD4-A11B2D7E9B75}.Debug|Any CPU.ActiveCfg = Debug|Any CPU
		{4A2DB249-6D75-4DFA-ADD4-A11B2D7E9B75}.Debug|Any CPU.Build.0 = Debug|Any CPU
		{4A2DB249-6D75-4DFA-ADD4-A11B2D7E9B75}.Debug|x64.ActiveCfg = Debug|Any CPU
		{4A2DB249-6D75-4DFA-ADD4-A11B2D7E9B75}.Debug|x64.Build.0 = Debug|Any CPU
		{4A2DB249-6D75-4DFA-ADD4-A11B2D7E9B75}.Debug|x86.ActiveCfg = Debug|Any CPU
		{4A2DB249-6D75-4DFA-ADD4-A11B2D7E9B75}.Debug|x86.Build.0 = Debug|Any CPU
		{4A2DB249-6D75-4DFA-ADD4-A11B2D7E9B75}.Release|Any CPU.ActiveCfg = Release|Any CPU
		{4A2DB249-6D75-4DFA-ADD4-A11B2D7E9B75}.Release|Any CPU.Build.0 = Release|Any CPU
		{4A2DB249-6D75-4DFA-ADD4-A11B2D7E9B75}.Release|x64.ActiveCfg = Release|Any CPU
		{4A2DB249-6D75-4DFA-ADD4-A11B2D7E9B75}.Release|x64.Build.0 = Release|Any CPU
		{4A2DB249-6D75-4DFA-ADD4-A11B2D7E9B75}.Release|x86.ActiveCfg = Release|Any CPU
		{4A2DB249-6D75-4DFA-ADD4-A11B2D7E9B75}.Release|x86.Build.0 = Release|Any CPU
		{C448FB0D-A081-4ACA-B34A-B37372FE3443}.Debug|Any CPU.ActiveCfg = Debug|Any CPU
		{C448FB0D-A081-4ACA-B34A-B37372FE3443}.Debug|Any CPU.Build.0 = Debug|Any CPU
		{C448FB0D-A081-4ACA-B34A-B37372FE3443}.Debug|x64.ActiveCfg = Debug|Any CPU
		{C448FB0D-A081-4ACA-B34A-B37372FE3443}.Debug|x64.Build.0 = Debug|Any CPU
		{C448FB0D-A081-4ACA-B34A-B37372FE3443}.Debug|x86.ActiveCfg = Debug|Any CPU
		{C448FB0D-A081-4ACA-B34A-B37372FE3443}.Debug|x86.Build.0 = Debug|Any CPU
		{C448FB0D-A081-4ACA-B34A-B37372FE3443}.Release|Any CPU.ActiveCfg = Release|Any CPU
		{C448FB0D-A081-4ACA-B34A-B37372FE3443}.Release|Any CPU.Build.0 = Release|Any CPU
		{C448FB0D-A081-4ACA-B34A-B37372FE3443}.Release|x64.ActiveCfg = Release|Any CPU
		{C448FB0D-A081-4ACA-B34A-B37372FE3443}.Release|x64.Build.0 = Release|Any CPU
		{C448FB0D-A081-4ACA-B34A-B37372FE3443}.Release|x86.ActiveCfg = Release|Any CPU
		{C448FB0D-A081-4ACA-B34A-B37372FE3443}.Release|x86.Build.0 = Release|Any CPU
		{C2E3772E-65A6-44D4-A69E-6CC4DF721036}.Debug|Any CPU.ActiveCfg = Debug|Any CPU
		{C2E3772E-65A6-44D4-A69E-6CC4DF721036}.Debug|Any CPU.Build.0 = Debug|Any CPU
		{C2E3772E-65A6-44D4-A69E-6CC4DF721036}.Debug|x64.ActiveCfg = Debug|Any CPU
		{C2E3772E-65A6-44D4-A69E-6CC4DF721036}.Debug|x64.Build.0 = Debug|Any CPU
		{C2E3772E-65A6-44D4-A69E-6CC4DF721036}.Debug|x86.ActiveCfg = Debug|Any CPU
		{C2E3772E-65A6-44D4-A69E-6CC4DF721036}.Debug|x86.Build.0 = Debug|Any CPU
		{C2E3772E-65A6-44D4-A69E-6CC4DF721036}.Release|Any CPU.ActiveCfg = Release|Any CPU
		{C2E3772E-65A6-44D4-A69E-6CC4DF721036}.Release|Any CPU.Build.0 = Release|Any CPU
		{C2E3772E-65A6-44D4-A69E-6CC4DF721036}.Release|x64.ActiveCfg = Release|Any CPU
		{C2E3772E-65A6-44D4-A69E-6CC4DF721036}.Release|x64.Build.0 = Release|Any CPU
		{C2E3772E-65A6-44D4-A69E-6CC4DF721036}.Release|x86.ActiveCfg = Release|Any CPU
		{C2E3772E-65A6-44D4-A69E-6CC4DF721036}.Release|x86.Build.0 = Release|Any CPU
		{BD6B7997-17CE-486F-BCA4-8657BF285C2C}.Debug|Any CPU.ActiveCfg = Debug|Any CPU
		{BD6B7997-17CE-486F-BCA4-8657BF285C2C}.Debug|Any CPU.Build.0 = Debug|Any CPU
		{BD6B7997-17CE-486F-BCA4-8657BF285C2C}.Debug|x64.ActiveCfg = Debug|Any CPU
		{BD6B7997-17CE-486F-BCA4-8657BF285C2C}.Debug|x64.Build.0 = Debug|Any CPU
		{BD6B7997-17CE-486F-BCA4-8657BF285C2C}.Debug|x86.ActiveCfg = Debug|Any CPU
		{BD6B7997-17CE-486F-BCA4-8657BF285C2C}.Debug|x86.Build.0 = Debug|Any CPU
		{BD6B7997-17CE-486F-BCA4-8657BF285C2C}.Release|Any CPU.ActiveCfg = Release|Any CPU
		{BD6B7997-17CE-486F-BCA4-8657BF285C2C}.Release|Any CPU.Build.0 = Release|Any CPU
		{BD6B7997-17CE-486F-BCA4-8657BF285C2C}.Release|x64.ActiveCfg = Release|Any CPU
		{BD6B7997-17CE-486F-BCA4-8657BF285C2C}.Release|x64.Build.0 = Release|Any CPU
		{BD6B7997-17CE-486F-BCA4-8657BF285C2C}.Release|x86.ActiveCfg = Release|Any CPU
		{BD6B7997-17CE-486F-BCA4-8657BF285C2C}.Release|x86.Build.0 = Release|Any CPU
		{CAC74816-8BC2-4D75-91A7-D90EE4C103F2}.Debug|Any CPU.ActiveCfg = Debug|Any CPU
		{CAC74816-8BC2-4D75-91A7-D90EE4C103F2}.Debug|Any CPU.Build.0 = Debug|Any CPU
		{CAC74816-8BC2-4D75-91A7-D90EE4C103F2}.Debug|x64.ActiveCfg = Debug|Any CPU
		{CAC74816-8BC2-4D75-91A7-D90EE4C103F2}.Debug|x64.Build.0 = Debug|Any CPU
		{CAC74816-8BC2-4D75-91A7-D90EE4C103F2}.Debug|x86.ActiveCfg = Debug|Any CPU
		{CAC74816-8BC2-4D75-91A7-D90EE4C103F2}.Debug|x86.Build.0 = Debug|Any CPU
		{CAC74816-8BC2-4D75-91A7-D90EE4C103F2}.Release|Any CPU.ActiveCfg = Release|Any CPU
		{CAC74816-8BC2-4D75-91A7-D90EE4C103F2}.Release|Any CPU.Build.0 = Release|Any CPU
		{CAC74816-8BC2-4D75-91A7-D90EE4C103F2}.Release|x64.ActiveCfg = Release|Any CPU
		{CAC74816-8BC2-4D75-91A7-D90EE4C103F2}.Release|x64.Build.0 = Release|Any CPU
		{CAC74816-8BC2-4D75-91A7-D90EE4C103F2}.Release|x86.ActiveCfg = Release|Any CPU
		{CAC74816-8BC2-4D75-91A7-D90EE4C103F2}.Release|x86.Build.0 = Release|Any CPU
	EndGlobalSection
	GlobalSection(SolutionProperties) = preSolution
		HideSolutionNode = FALSE
	EndGlobalSection
	GlobalSection(ExtensibilityGlobals) = postSolution
		SolutionGuid = {268F1616-C592-4E64-8DC4-DFD1A6EE11E8}
	EndGlobalSection
	GlobalSection(NestedProjects) = preSolution
		{D65958F0-5B22-45D8-A2C9-7BA91F6E425F} = {6FE0011A-2FEF-448D-8641-4439421D6895}
		{950831D2-5DC3-4208-BA9C-E5CFA69D5911} = {D65958F0-5B22-45D8-A2C9-7BA91F6E425F}
		{4AC90DFE-BE87-4F51-B7E4-D95A4D37005E} = {D65958F0-5B22-45D8-A2C9-7BA91F6E425F}
		{28C8D66D-2BC9-476F-A8CA-606419CF58BF} = {6FE0011A-2FEF-448D-8641-4439421D6895}
		{7A97002B-C51B-4346-8FF2-BD42B7DD9D0C} = {28C8D66D-2BC9-476F-A8CA-606419CF58BF}
		{A8C912BF-0ED0-44C1-B78F-A63D5D22B2BE} = {28C8D66D-2BC9-476F-A8CA-606419CF58BF}
		{86A85FF0-18C5-4B9D-91A4-A8860A03FB23} = {6FE0011A-2FEF-448D-8641-4439421D6895}
		{BCAA6E94-C1FA-4C2B-9CB5-C5446501E20A} = {86A85FF0-18C5-4B9D-91A4-A8860A03FB23}
		{C2477989-AAB6-407D-BCDC-F2DA59811D71} = {86A85FF0-18C5-4B9D-91A4-A8860A03FB23}
		{D67028DE-F493-4D73-8865-3B750427C1CD} = {6FE0011A-2FEF-448D-8641-4439421D6895}
		{EF4D30D1-6318-479C-8A6A-006F66C4675C} = {D67028DE-F493-4D73-8865-3B750427C1CD}
		{500028C9-AFD2-44D9-A665-B0E4FC4B4155} = {D67028DE-F493-4D73-8865-3B750427C1CD}
		{E6312A57-A957-415A-8D36-7EF70A025BFD} = {6FE0011A-2FEF-448D-8641-4439421D6895}
		{9537CFB2-3EFD-45DA-BB92-ED02BBFB686F} = {E6312A57-A957-415A-8D36-7EF70A025BFD}
		{4A2DB249-6D75-4DFA-ADD4-A11B2D7E9B75} = {E6312A57-A957-415A-8D36-7EF70A025BFD}
		{E6B7D619-0332-477D-A526-E4BC1AC381AC} = {6FE0011A-2FEF-448D-8641-4439421D6895}
		{C448FB0D-A081-4ACA-B34A-B37372FE3443} = {E6B7D619-0332-477D-A526-E4BC1AC381AC}
		{C2E3772E-65A6-44D4-A69E-6CC4DF721036} = {E6B7D619-0332-477D-A526-E4BC1AC381AC}
		{D45E71D4-1DD9-4E5F-AC76-62A9E4AADC04} = {6FE0011A-2FEF-448D-8641-4439421D6895}
		{BD6B7997-17CE-486F-BCA4-8657BF285C2C} = {D45E71D4-1DD9-4E5F-AC76-62A9E4AADC04}
		{CAC74816-8BC2-4D75-91A7-D90EE4C103F2} = {D45E71D4-1DD9-4E5F-AC76-62A9E4AADC04}
	EndGlobalSection
EndGlobal
