
Microsoft Visual Studio Solution File, Format Version 12.00
# Visual Studio Version 17
VisualStudioVersion = 17.6.33815.320
MinimumVisualStudioVersion = 10.0.40219.1
Project("{2150E333-8FDC-42A3-9474-1A3956D46DE8}") = "ABC230", "ABC230", "{3B999C9E-899F-4237-A22D-7113E12ABEEB}"
EndProject
Project("{2150E333-8FDC-42A3-9474-1A3956D46DE8}") = "A", "A", "{AFFC5C6C-E912-4BE8-B044-61B010363A4A}"
EndProject
Project("{FAE04EC0-301F-11D3-BF4B-00C04F79EFBC}") = "ABC230_A", "ABC230\A\src\ABC230_A.csproj", "{D2A0B945-FB6C-4CF4-92A4-51B9CCDDD6DA}"
EndProject
Project("{FAE04EC0-301F-11D3-BF4B-00C04F79EFBC}") = "ABC230_ATests", "ABC230\A\test\ABC230_ATests.csproj", "{873EF6AC-9164-4391-BDD1-35FAC97361A6}"
EndProject
Project("{2150E333-8FDC-42A3-9474-1A3956D46DE8}") = "B", "B", "{DEEE2180-35CF-40BF-AAB5-1DF1F838A3B6}"
EndProject
Project("{FAE04EC0-301F-11D3-BF4B-00C04F79EFBC}") = "ABC230_B", "ABC230\B\src\ABC230_B.csproj", "{D7CF0911-4446-49C1-BEF1-67A9E87C9953}"
EndProject
Project("{FAE04EC0-301F-11D3-BF4B-00C04F79EFBC}") = "ABC230_BTests", "ABC230\B\test\ABC230_BTests.csproj", "{3A8936DC-6819-46B8-8402-D35421A68ADF}"
EndProject
Project("{2150E333-8FDC-42A3-9474-1A3956D46DE8}") = "C", "C", "{58CC964E-6055-4724-A835-8D16041FD3AF}"
EndProject
Project("{FAE04EC0-301F-11D3-BF4B-00C04F79EFBC}") = "ABC230_C", "ABC230\C\src\ABC230_C.csproj", "{46A69263-3E0B-4899-B285-E00721C93C5E}"
EndProject
Project("{FAE04EC0-301F-11D3-BF4B-00C04F79EFBC}") = "ABC230_CTests", "ABC230\C\test\ABC230_CTests.csproj", "{ADD450C1-DC5E-4E04-B536-D6CA3EF85315}"
EndProject
Project("{2150E333-8FDC-42A3-9474-1A3956D46DE8}") = "D", "D", "{0C322A05-1AD1-42DE-9DC8-31777E562624}"
EndProject
Project("{FAE04EC0-301F-11D3-BF4B-00C04F79EFBC}") = "ABC230_D", "ABC230\D\src\ABC230_D.csproj", "{371FFF28-A2AB-4D3D-975D-A2CE84718E4B}"
EndProject
Project("{FAE04EC0-301F-11D3-BF4B-00C04F79EFBC}") = "ABC230_DTests", "ABC230\D\test\ABC230_DTests.csproj", "{951D3995-D639-49BE-B269-3EF5066D80ED}"
EndProject
Project("{2150E333-8FDC-42A3-9474-1A3956D46DE8}") = "E", "E", "{8CFF4D93-5DED-41E9-9C65-8701A8C06725}"
EndProject
Project("{FAE04EC0-301F-11D3-BF4B-00C04F79EFBC}") = "ABC230_E", "ABC230\E\src\ABC230_E.csproj", "{BF61EED9-EDC8-4508-B874-36D267BE1CA8}"
EndProject
Project("{FAE04EC0-301F-11D3-BF4B-00C04F79EFBC}") = "ABC230_ETests", "ABC230\E\test\ABC230_ETests.csproj", "{661385BC-FD32-4B87-91F6-77265819CE2D}"
EndProject
Project("{2150E333-8FDC-42A3-9474-1A3956D46DE8}") = "F", "F", "{FC46DC2B-99E6-4F83-BCC6-BCA4B1815E10}"
EndProject
Project("{FAE04EC0-301F-11D3-BF4B-00C04F79EFBC}") = "ABC230_F", "ABC230\F\src\ABC230_F.csproj", "{13B8FF63-4CE2-4C15-A795-1C661D724816}"
EndProject
Project("{FAE04EC0-301F-11D3-BF4B-00C04F79EFBC}") = "ABC230_FTests", "ABC230\F\test\ABC230_FTests.csproj", "{23C1BC37-DC0F-4D63-85DF-CBBDCAEF8D59}"
EndProject
Project("{2150E333-8FDC-42A3-9474-1A3956D46DE8}") = "G", "G", "{205A5462-3154-419D-893D-D67B7D50C653}"
EndProject
Project("{FAE04EC0-301F-11D3-BF4B-00C04F79EFBC}") = "ABC230_G", "ABC230\G\src\ABC230_G.csproj", "{4A94DD6A-1A41-40C9-92C0-895CD7EC6863}"
EndProject
Project("{FAE04EC0-301F-11D3-BF4B-00C04F79EFBC}") = "ABC230_GTests", "ABC230\G\test\ABC230_GTests.csproj", "{D9EF15D4-D9B0-452C-8CFB-5CE8F5174A44}"
EndProject
Project("{2150E333-8FDC-42A3-9474-1A3956D46DE8}") = "H", "H", "{4F570E21-B50C-43B6-B863-BF1332B5355D}"
EndProject
Project("{FAE04EC0-301F-11D3-BF4B-00C04F79EFBC}") = "ABC230_H", "ABC230\H\src\ABC230_H.csproj", "{EB83D4D8-4839-4866-926C-E786B3E417B1}"
EndProject
Project("{FAE04EC0-301F-11D3-BF4B-00C04F79EFBC}") = "ABC230_HTests", "ABC230\H\test\ABC230_HTests.csproj", "{C228A74A-2CBA-43B1-B709-51CE033012DA}"
EndProject
Global
	GlobalSection(SolutionConfigurationPlatforms) = preSolution
		Debug|Any CPU = Debug|Any CPU
		Debug|x64 = Debug|x64
		Debug|x86 = Debug|x86
		Release|Any CPU = Release|Any CPU
		Release|x64 = Release|x64
		Release|x86 = Release|x86
	EndGlobalSection
	GlobalSection(ProjectConfigurationPlatforms) = postSolution
		{D2A0B945-FB6C-4CF4-92A4-51B9CCDDD6DA}.Debug|Any CPU.ActiveCfg = Debug|Any CPU
		{D2A0B945-FB6C-4CF4-92A4-51B9CCDDD6DA}.Debug|Any CPU.Build.0 = Debug|Any CPU
		{D2A0B945-FB6C-4CF4-92A4-51B9CCDDD6DA}.Debug|x64.ActiveCfg = Debug|Any CPU
		{D2A0B945-FB6C-4CF4-92A4-51B9CCDDD6DA}.Debug|x64.Build.0 = Debug|Any CPU
		{D2A0B945-FB6C-4CF4-92A4-51B9CCDDD6DA}.Debug|x86.ActiveCfg = Debug|Any CPU
		{D2A0B945-FB6C-4CF4-92A4-51B9CCDDD6DA}.Debug|x86.Build.0 = Debug|Any CPU
		{D2A0B945-FB6C-4CF4-92A4-51B9CCDDD6DA}.Release|Any CPU.ActiveCfg = Release|Any CPU
		{D2A0B945-FB6C-4CF4-92A4-51B9CCDDD6DA}.Release|Any CPU.Build.0 = Release|Any CPU
		{D2A0B945-FB6C-4CF4-92A4-51B9CCDDD6DA}.Release|x64.ActiveCfg = Release|Any CPU
		{D2A0B945-FB6C-4CF4-92A4-51B9CCDDD6DA}.Release|x64.Build.0 = Release|Any CPU
		{D2A0B945-FB6C-4CF4-92A4-51B9CCDDD6DA}.Release|x86.ActiveCfg = Release|Any CPU
		{D2A0B945-FB6C-4CF4-92A4-51B9CCDDD6DA}.Release|x86.Build.0 = Release|Any CPU
		{873EF6AC-9164-4391-BDD1-35FAC97361A6}.Debug|Any CPU.ActiveCfg = Debug|Any CPU
		{873EF6AC-9164-4391-BDD1-35FAC97361A6}.Debug|Any CPU.Build.0 = Debug|Any CPU
		{873EF6AC-9164-4391-BDD1-35FAC97361A6}.Debug|x64.ActiveCfg = Debug|Any CPU
		{873EF6AC-9164-4391-BDD1-35FAC97361A6}.Debug|x64.Build.0 = Debug|Any CPU
		{873EF6AC-9164-4391-BDD1-35FAC97361A6}.Debug|x86.ActiveCfg = Debug|Any CPU
		{873EF6AC-9164-4391-BDD1-35FAC97361A6}.Debug|x86.Build.0 = Debug|Any CPU
		{873EF6AC-9164-4391-BDD1-35FAC97361A6}.Release|Any CPU.ActiveCfg = Release|Any CPU
		{873EF6AC-9164-4391-BDD1-35FAC97361A6}.Release|Any CPU.Build.0 = Release|Any CPU
		{873EF6AC-9164-4391-BDD1-35FAC97361A6}.Release|x64.ActiveCfg = Release|Any CPU
		{873EF6AC-9164-4391-BDD1-35FAC97361A6}.Release|x64.Build.0 = Release|Any CPU
		{873EF6AC-9164-4391-BDD1-35FAC97361A6}.Release|x86.ActiveCfg = Release|Any CPU
		{873EF6AC-9164-4391-BDD1-35FAC97361A6}.Release|x86.Build.0 = Release|Any CPU
		{D7CF0911-4446-49C1-BEF1-67A9E87C9953}.Debug|Any CPU.ActiveCfg = Debug|Any CPU
		{D7CF0911-4446-49C1-BEF1-67A9E87C9953}.Debug|Any CPU.Build.0 = Debug|Any CPU
		{D7CF0911-4446-49C1-BEF1-67A9E87C9953}.Debug|x64.ActiveCfg = Debug|Any CPU
		{D7CF0911-4446-49C1-BEF1-67A9E87C9953}.Debug|x64.Build.0 = Debug|Any CPU
		{D7CF0911-4446-49C1-BEF1-67A9E87C9953}.Debug|x86.ActiveCfg = Debug|Any CPU
		{D7CF0911-4446-49C1-BEF1-67A9E87C9953}.Debug|x86.Build.0 = Debug|Any CPU
		{D7CF0911-4446-49C1-BEF1-67A9E87C9953}.Release|Any CPU.ActiveCfg = Release|Any CPU
		{D7CF0911-4446-49C1-BEF1-67A9E87C9953}.Release|Any CPU.Build.0 = Release|Any CPU
		{D7CF0911-4446-49C1-BEF1-67A9E87C9953}.Release|x64.ActiveCfg = Release|Any CPU
		{D7CF0911-4446-49C1-BEF1-67A9E87C9953}.Release|x64.Build.0 = Release|Any CPU
		{D7CF0911-4446-49C1-BEF1-67A9E87C9953}.Release|x86.ActiveCfg = Release|Any CPU
		{D7CF0911-4446-49C1-BEF1-67A9E87C9953}.Release|x86.Build.0 = Release|Any CPU
		{3A8936DC-6819-46B8-8402-D35421A68ADF}.Debug|Any CPU.ActiveCfg = Debug|Any CPU
		{3A8936DC-6819-46B8-8402-D35421A68ADF}.Debug|Any CPU.Build.0 = Debug|Any CPU
		{3A8936DC-6819-46B8-8402-D35421A68ADF}.Debug|x64.ActiveCfg = Debug|Any CPU
		{3A8936DC-6819-46B8-8402-D35421A68ADF}.Debug|x64.Build.0 = Debug|Any CPU
		{3A8936DC-6819-46B8-8402-D35421A68ADF}.Debug|x86.ActiveCfg = Debug|Any CPU
		{3A8936DC-6819-46B8-8402-D35421A68ADF}.Debug|x86.Build.0 = Debug|Any CPU
		{3A8936DC-6819-46B8-8402-D35421A68ADF}.Release|Any CPU.ActiveCfg = Release|Any CPU
		{3A8936DC-6819-46B8-8402-D35421A68ADF}.Release|Any CPU.Build.0 = Release|Any CPU
		{3A8936DC-6819-46B8-8402-D35421A68ADF}.Release|x64.ActiveCfg = Release|Any CPU
		{3A8936DC-6819-46B8-8402-D35421A68ADF}.Release|x64.Build.0 = Release|Any CPU
		{3A8936DC-6819-46B8-8402-D35421A68ADF}.Release|x86.ActiveCfg = Release|Any CPU
		{3A8936DC-6819-46B8-8402-D35421A68ADF}.Release|x86.Build.0 = Release|Any CPU
		{46A69263-3E0B-4899-B285-E00721C93C5E}.Debug|Any CPU.ActiveCfg = Debug|Any CPU
		{46A69263-3E0B-4899-B285-E00721C93C5E}.Debug|Any CPU.Build.0 = Debug|Any CPU
		{46A69263-3E0B-4899-B285-E00721C93C5E}.Debug|x64.ActiveCfg = Debug|Any CPU
		{46A69263-3E0B-4899-B285-E00721C93C5E}.Debug|x64.Build.0 = Debug|Any CPU
		{46A69263-3E0B-4899-B285-E00721C93C5E}.Debug|x86.ActiveCfg = Debug|Any CPU
		{46A69263-3E0B-4899-B285-E00721C93C5E}.Debug|x86.Build.0 = Debug|Any CPU
		{46A69263-3E0B-4899-B285-E00721C93C5E}.Release|Any CPU.ActiveCfg = Release|Any CPU
		{46A69263-3E0B-4899-B285-E00721C93C5E}.Release|Any CPU.Build.0 = Release|Any CPU
		{46A69263-3E0B-4899-B285-E00721C93C5E}.Release|x64.ActiveCfg = Release|Any CPU
		{46A69263-3E0B-4899-B285-E00721C93C5E}.Release|x64.Build.0 = Release|Any CPU
		{46A69263-3E0B-4899-B285-E00721C93C5E}.Release|x86.ActiveCfg = Release|Any CPU
		{46A69263-3E0B-4899-B285-E00721C93C5E}.Release|x86.Build.0 = Release|Any CPU
		{ADD450C1-DC5E-4E04-B536-D6CA3EF85315}.Debug|Any CPU.ActiveCfg = Debug|Any CPU
		{ADD450C1-DC5E-4E04-B536-D6CA3EF85315}.Debug|Any CPU.Build.0 = Debug|Any CPU
		{ADD450C1-DC5E-4E04-B536-D6CA3EF85315}.Debug|x64.ActiveCfg = Debug|Any CPU
		{ADD450C1-DC5E-4E04-B536-D6CA3EF85315}.Debug|x64.Build.0 = Debug|Any CPU
		{ADD450C1-DC5E-4E04-B536-D6CA3EF85315}.Debug|x86.ActiveCfg = Debug|Any CPU
		{ADD450C1-DC5E-4E04-B536-D6CA3EF85315}.Debug|x86.Build.0 = Debug|Any CPU
		{ADD450C1-DC5E-4E04-B536-D6CA3EF85315}.Release|Any CPU.ActiveCfg = Release|Any CPU
		{ADD450C1-DC5E-4E04-B536-D6CA3EF85315}.Release|Any CPU.Build.0 = Release|Any CPU
		{ADD450C1-DC5E-4E04-B536-D6CA3EF85315}.Release|x64.ActiveCfg = Release|Any CPU
		{ADD450C1-DC5E-4E04-B536-D6CA3EF85315}.Release|x64.Build.0 = Release|Any CPU
		{ADD450C1-DC5E-4E04-B536-D6CA3EF85315}.Release|x86.ActiveCfg = Release|Any CPU
		{ADD450C1-DC5E-4E04-B536-D6CA3EF85315}.Release|x86.Build.0 = Release|Any CPU
		{371FFF28-A2AB-4D3D-975D-A2CE84718E4B}.Debug|Any CPU.ActiveCfg = Debug|Any CPU
		{371FFF28-A2AB-4D3D-975D-A2CE84718E4B}.Debug|Any CPU.Build.0 = Debug|Any CPU
		{371FFF28-A2AB-4D3D-975D-A2CE84718E4B}.Debug|x64.ActiveCfg = Debug|Any CPU
		{371FFF28-A2AB-4D3D-975D-A2CE84718E4B}.Debug|x64.Build.0 = Debug|Any CPU
		{371FFF28-A2AB-4D3D-975D-A2CE84718E4B}.Debug|x86.ActiveCfg = Debug|Any CPU
		{371FFF28-A2AB-4D3D-975D-A2CE84718E4B}.Debug|x86.Build.0 = Debug|Any CPU
		{371FFF28-A2AB-4D3D-975D-A2CE84718E4B}.Release|Any CPU.ActiveCfg = Release|Any CPU
		{371FFF28-A2AB-4D3D-975D-A2CE84718E4B}.Release|Any CPU.Build.0 = Release|Any CPU
		{371FFF28-A2AB-4D3D-975D-A2CE84718E4B}.Release|x64.ActiveCfg = Release|Any CPU
		{371FFF28-A2AB-4D3D-975D-A2CE84718E4B}.Release|x64.Build.0 = Release|Any CPU
		{371FFF28-A2AB-4D3D-975D-A2CE84718E4B}.Release|x86.ActiveCfg = Release|Any CPU
		{371FFF28-A2AB-4D3D-975D-A2CE84718E4B}.Release|x86.Build.0 = Release|Any CPU
		{951D3995-D639-49BE-B269-3EF5066D80ED}.Debug|Any CPU.ActiveCfg = Debug|Any CPU
		{951D3995-D639-49BE-B269-3EF5066D80ED}.Debug|Any CPU.Build.0 = Debug|Any CPU
		{951D3995-D639-49BE-B269-3EF5066D80ED}.Debug|x64.ActiveCfg = Debug|Any CPU
		{951D3995-D639-49BE-B269-3EF5066D80ED}.Debug|x64.Build.0 = Debug|Any CPU
		{951D3995-D639-49BE-B269-3EF5066D80ED}.Debug|x86.ActiveCfg = Debug|Any CPU
		{951D3995-D639-49BE-B269-3EF5066D80ED}.Debug|x86.Build.0 = Debug|Any CPU
		{951D3995-D639-49BE-B269-3EF5066D80ED}.Release|Any CPU.ActiveCfg = Release|Any CPU
		{951D3995-D639-49BE-B269-3EF5066D80ED}.Release|Any CPU.Build.0 = Release|Any CPU
		{951D3995-D639-49BE-B269-3EF5066D80ED}.Release|x64.ActiveCfg = Release|Any CPU
		{951D3995-D639-49BE-B269-3EF5066D80ED}.Release|x64.Build.0 = Release|Any CPU
		{951D3995-D639-49BE-B269-3EF5066D80ED}.Release|x86.ActiveCfg = Release|Any CPU
		{951D3995-D639-49BE-B269-3EF5066D80ED}.Release|x86.Build.0 = Release|Any CPU
		{BF61EED9-EDC8-4508-B874-36D267BE1CA8}.Debug|Any CPU.ActiveCfg = Debug|Any CPU
		{BF61EED9-EDC8-4508-B874-36D267BE1CA8}.Debug|Any CPU.Build.0 = Debug|Any CPU
		{BF61EED9-EDC8-4508-B874-36D267BE1CA8}.Debug|x64.ActiveCfg = Debug|Any CPU
		{BF61EED9-EDC8-4508-B874-36D267BE1CA8}.Debug|x64.Build.0 = Debug|Any CPU
		{BF61EED9-EDC8-4508-B874-36D267BE1CA8}.Debug|x86.ActiveCfg = Debug|Any CPU
		{BF61EED9-EDC8-4508-B874-36D267BE1CA8}.Debug|x86.Build.0 = Debug|Any CPU
		{BF61EED9-EDC8-4508-B874-36D267BE1CA8}.Release|Any CPU.ActiveCfg = Release|Any CPU
		{BF61EED9-EDC8-4508-B874-36D267BE1CA8}.Release|Any CPU.Build.0 = Release|Any CPU
		{BF61EED9-EDC8-4508-B874-36D267BE1CA8}.Release|x64.ActiveCfg = Release|Any CPU
		{BF61EED9-EDC8-4508-B874-36D267BE1CA8}.Release|x64.Build.0 = Release|Any CPU
		{BF61EED9-EDC8-4508-B874-36D267BE1CA8}.Release|x86.ActiveCfg = Release|Any CPU
		{BF61EED9-EDC8-4508-B874-36D267BE1CA8}.Release|x86.Build.0 = Release|Any CPU
		{661385BC-FD32-4B87-91F6-77265819CE2D}.Debug|Any CPU.ActiveCfg = Debug|Any CPU
		{661385BC-FD32-4B87-91F6-77265819CE2D}.Debug|Any CPU.Build.0 = Debug|Any CPU
		{661385BC-FD32-4B87-91F6-77265819CE2D}.Debug|x64.ActiveCfg = Debug|Any CPU
		{661385BC-FD32-4B87-91F6-77265819CE2D}.Debug|x64.Build.0 = Debug|Any CPU
		{661385BC-FD32-4B87-91F6-77265819CE2D}.Debug|x86.ActiveCfg = Debug|Any CPU
		{661385BC-FD32-4B87-91F6-77265819CE2D}.Debug|x86.Build.0 = Debug|Any CPU
		{661385BC-FD32-4B87-91F6-77265819CE2D}.Release|Any CPU.ActiveCfg = Release|Any CPU
		{661385BC-FD32-4B87-91F6-77265819CE2D}.Release|Any CPU.Build.0 = Release|Any CPU
		{661385BC-FD32-4B87-91F6-77265819CE2D}.Release|x64.ActiveCfg = Release|Any CPU
		{661385BC-FD32-4B87-91F6-77265819CE2D}.Release|x64.Build.0 = Release|Any CPU
		{661385BC-FD32-4B87-91F6-77265819CE2D}.Release|x86.ActiveCfg = Release|Any CPU
		{661385BC-FD32-4B87-91F6-77265819CE2D}.Release|x86.Build.0 = Release|Any CPU
		{13B8FF63-4CE2-4C15-A795-1C661D724816}.Debug|Any CPU.ActiveCfg = Debug|Any CPU
		{13B8FF63-4CE2-4C15-A795-1C661D724816}.Debug|Any CPU.Build.0 = Debug|Any CPU
		{13B8FF63-4CE2-4C15-A795-1C661D724816}.Debug|x64.ActiveCfg = Debug|Any CPU
		{13B8FF63-4CE2-4C15-A795-1C661D724816}.Debug|x64.Build.0 = Debug|Any CPU
		{13B8FF63-4CE2-4C15-A795-1C661D724816}.Debug|x86.ActiveCfg = Debug|Any CPU
		{13B8FF63-4CE2-4C15-A795-1C661D724816}.Debug|x86.Build.0 = Debug|Any CPU
		{13B8FF63-4CE2-4C15-A795-1C661D724816}.Release|Any CPU.ActiveCfg = Release|Any CPU
		{13B8FF63-4CE2-4C15-A795-1C661D724816}.Release|Any CPU.Build.0 = Release|Any CPU
		{13B8FF63-4CE2-4C15-A795-1C661D724816}.Release|x64.ActiveCfg = Release|Any CPU
		{13B8FF63-4CE2-4C15-A795-1C661D724816}.Release|x64.Build.0 = Release|Any CPU
		{13B8FF63-4CE2-4C15-A795-1C661D724816}.Release|x86.ActiveCfg = Release|Any CPU
		{13B8FF63-4CE2-4C15-A795-1C661D724816}.Release|x86.Build.0 = Release|Any CPU
		{23C1BC37-DC0F-4D63-85DF-CBBDCAEF8D59}.Debug|Any CPU.ActiveCfg = Debug|Any CPU
		{23C1BC37-DC0F-4D63-85DF-CBBDCAEF8D59}.Debug|Any CPU.Build.0 = Debug|Any CPU
		{23C1BC37-DC0F-4D63-85DF-CBBDCAEF8D59}.Debug|x64.ActiveCfg = Debug|Any CPU
		{23C1BC37-DC0F-4D63-85DF-CBBDCAEF8D59}.Debug|x64.Build.0 = Debug|Any CPU
		{23C1BC37-DC0F-4D63-85DF-CBBDCAEF8D59}.Debug|x86.ActiveCfg = Debug|Any CPU
		{23C1BC37-DC0F-4D63-85DF-CBBDCAEF8D59}.Debug|x86.Build.0 = Debug|Any CPU
		{23C1BC37-DC0F-4D63-85DF-CBBDCAEF8D59}.Release|Any CPU.ActiveCfg = Release|Any CPU
		{23C1BC37-DC0F-4D63-85DF-CBBDCAEF8D59}.Release|Any CPU.Build.0 = Release|Any CPU
		{23C1BC37-DC0F-4D63-85DF-CBBDCAEF8D59}.Release|x64.ActiveCfg = Release|Any CPU
		{23C1BC37-DC0F-4D63-85DF-CBBDCAEF8D59}.Release|x64.Build.0 = Release|Any CPU
		{23C1BC37-DC0F-4D63-85DF-CBBDCAEF8D59}.Release|x86.ActiveCfg = Release|Any CPU
		{23C1BC37-DC0F-4D63-85DF-CBBDCAEF8D59}.Release|x86.Build.0 = Release|Any CPU
		{4A94DD6A-1A41-40C9-92C0-895CD7EC6863}.Debug|Any CPU.ActiveCfg = Debug|Any CPU
		{4A94DD6A-1A41-40C9-92C0-895CD7EC6863}.Debug|Any CPU.Build.0 = Debug|Any CPU
		{4A94DD6A-1A41-40C9-92C0-895CD7EC6863}.Debug|x64.ActiveCfg = Debug|Any CPU
		{4A94DD6A-1A41-40C9-92C0-895CD7EC6863}.Debug|x64.Build.0 = Debug|Any CPU
		{4A94DD6A-1A41-40C9-92C0-895CD7EC6863}.Debug|x86.ActiveCfg = Debug|Any CPU
		{4A94DD6A-1A41-40C9-92C0-895CD7EC6863}.Debug|x86.Build.0 = Debug|Any CPU
		{4A94DD6A-1A41-40C9-92C0-895CD7EC6863}.Release|Any CPU.ActiveCfg = Release|Any CPU
		{4A94DD6A-1A41-40C9-92C0-895CD7EC6863}.Release|Any CPU.Build.0 = Release|Any CPU
		{4A94DD6A-1A41-40C9-92C0-895CD7EC6863}.Release|x64.ActiveCfg = Release|Any CPU
		{4A94DD6A-1A41-40C9-92C0-895CD7EC6863}.Release|x64.Build.0 = Release|Any CPU
		{4A94DD6A-1A41-40C9-92C0-895CD7EC6863}.Release|x86.ActiveCfg = Release|Any CPU
		{4A94DD6A-1A41-40C9-92C0-895CD7EC6863}.Release|x86.Build.0 = Release|Any CPU
		{D9EF15D4-D9B0-452C-8CFB-5CE8F5174A44}.Debug|Any CPU.ActiveCfg = Debug|Any CPU
		{D9EF15D4-D9B0-452C-8CFB-5CE8F5174A44}.Debug|Any CPU.Build.0 = Debug|Any CPU
		{D9EF15D4-D9B0-452C-8CFB-5CE8F5174A44}.Debug|x64.ActiveCfg = Debug|Any CPU
		{D9EF15D4-D9B0-452C-8CFB-5CE8F5174A44}.Debug|x64.Build.0 = Debug|Any CPU
		{D9EF15D4-D9B0-452C-8CFB-5CE8F5174A44}.Debug|x86.ActiveCfg = Debug|Any CPU
		{D9EF15D4-D9B0-452C-8CFB-5CE8F5174A44}.Debug|x86.Build.0 = Debug|Any CPU
		{D9EF15D4-D9B0-452C-8CFB-5CE8F5174A44}.Release|Any CPU.ActiveCfg = Release|Any CPU
		{D9EF15D4-D9B0-452C-8CFB-5CE8F5174A44}.Release|Any CPU.Build.0 = Release|Any CPU
		{D9EF15D4-D9B0-452C-8CFB-5CE8F5174A44}.Release|x64.ActiveCfg = Release|Any CPU
		{D9EF15D4-D9B0-452C-8CFB-5CE8F5174A44}.Release|x64.Build.0 = Release|Any CPU
		{D9EF15D4-D9B0-452C-8CFB-5CE8F5174A44}.Release|x86.ActiveCfg = Release|Any CPU
		{D9EF15D4-D9B0-452C-8CFB-5CE8F5174A44}.Release|x86.Build.0 = Release|Any CPU
		{EB83D4D8-4839-4866-926C-E786B3E417B1}.Debug|Any CPU.ActiveCfg = Debug|Any CPU
		{EB83D4D8-4839-4866-926C-E786B3E417B1}.Debug|Any CPU.Build.0 = Debug|Any CPU
		{EB83D4D8-4839-4866-926C-E786B3E417B1}.Debug|x64.ActiveCfg = Debug|Any CPU
		{EB83D4D8-4839-4866-926C-E786B3E417B1}.Debug|x64.Build.0 = Debug|Any CPU
		{EB83D4D8-4839-4866-926C-E786B3E417B1}.Debug|x86.ActiveCfg = Debug|Any CPU
		{EB83D4D8-4839-4866-926C-E786B3E417B1}.Debug|x86.Build.0 = Debug|Any CPU
		{EB83D4D8-4839-4866-926C-E786B3E417B1}.Release|Any CPU.ActiveCfg = Release|Any CPU
		{EB83D4D8-4839-4866-926C-E786B3E417B1}.Release|Any CPU.Build.0 = Release|Any CPU
		{EB83D4D8-4839-4866-926C-E786B3E417B1}.Release|x64.ActiveCfg = Release|Any CPU
		{EB83D4D8-4839-4866-926C-E786B3E417B1}.Release|x64.Build.0 = Release|Any CPU
		{EB83D4D8-4839-4866-926C-E786B3E417B1}.Release|x86.ActiveCfg = Release|Any CPU
		{EB83D4D8-4839-4866-926C-E786B3E417B1}.Release|x86.Build.0 = Release|Any CPU
		{C228A74A-2CBA-43B1-B709-51CE033012DA}.Debug|Any CPU.ActiveCfg = Debug|Any CPU
		{C228A74A-2CBA-43B1-B709-51CE033012DA}.Debug|Any CPU.Build.0 = Debug|Any CPU
		{C228A74A-2CBA-43B1-B709-51CE033012DA}.Debug|x64.ActiveCfg = Debug|Any CPU
		{C228A74A-2CBA-43B1-B709-51CE033012DA}.Debug|x64.Build.0 = Debug|Any CPU
		{C228A74A-2CBA-43B1-B709-51CE033012DA}.Debug|x86.ActiveCfg = Debug|Any CPU
		{C228A74A-2CBA-43B1-B709-51CE033012DA}.Debug|x86.Build.0 = Debug|Any CPU
		{C228A74A-2CBA-43B1-B709-51CE033012DA}.Release|Any CPU.ActiveCfg = Release|Any CPU
		{C228A74A-2CBA-43B1-B709-51CE033012DA}.Release|Any CPU.Build.0 = Release|Any CPU
		{C228A74A-2CBA-43B1-B709-51CE033012DA}.Release|x64.ActiveCfg = Release|Any CPU
		{C228A74A-2CBA-43B1-B709-51CE033012DA}.Release|x64.Build.0 = Release|Any CPU
		{C228A74A-2CBA-43B1-B709-51CE033012DA}.Release|x86.ActiveCfg = Release|Any CPU
		{C228A74A-2CBA-43B1-B709-51CE033012DA}.Release|x86.Build.0 = Release|Any CPU
	EndGlobalSection
	GlobalSection(SolutionProperties) = preSolution
		HideSolutionNode = FALSE
	EndGlobalSection
	GlobalSection(ExtensibilityGlobals) = postSolution
		SolutionGuid = {268F1616-C592-4E64-8DC4-DFD1A6EE11E8}
	EndGlobalSection
	GlobalSection(NestedProjects) = preSolution
		{AFFC5C6C-E912-4BE8-B044-61B010363A4A} = {3B999C9E-899F-4237-A22D-7113E12ABEEB}
		{D2A0B945-FB6C-4CF4-92A4-51B9CCDDD6DA} = {AFFC5C6C-E912-4BE8-B044-61B010363A4A}
		{873EF6AC-9164-4391-BDD1-35FAC97361A6} = {AFFC5C6C-E912-4BE8-B044-61B010363A4A}
		{DEEE2180-35CF-40BF-AAB5-1DF1F838A3B6} = {3B999C9E-899F-4237-A22D-7113E12ABEEB}
		{D7CF0911-4446-49C1-BEF1-67A9E87C9953} = {DEEE2180-35CF-40BF-AAB5-1DF1F838A3B6}
		{3A8936DC-6819-46B8-8402-D35421A68ADF} = {DEEE2180-35CF-40BF-AAB5-1DF1F838A3B6}
		{58CC964E-6055-4724-A835-8D16041FD3AF} = {3B999C9E-899F-4237-A22D-7113E12ABEEB}
		{46A69263-3E0B-4899-B285-E00721C93C5E} = {58CC964E-6055-4724-A835-8D16041FD3AF}
		{ADD450C1-DC5E-4E04-B536-D6CA3EF85315} = {58CC964E-6055-4724-A835-8D16041FD3AF}
		{0C322A05-1AD1-42DE-9DC8-31777E562624} = {3B999C9E-899F-4237-A22D-7113E12ABEEB}
		{371FFF28-A2AB-4D3D-975D-A2CE84718E4B} = {0C322A05-1AD1-42DE-9DC8-31777E562624}
		{951D3995-D639-49BE-B269-3EF5066D80ED} = {0C322A05-1AD1-42DE-9DC8-31777E562624}
		{8CFF4D93-5DED-41E9-9C65-8701A8C06725} = {3B999C9E-899F-4237-A22D-7113E12ABEEB}
		{BF61EED9-EDC8-4508-B874-36D267BE1CA8} = {8CFF4D93-5DED-41E9-9C65-8701A8C06725}
		{661385BC-FD32-4B87-91F6-77265819CE2D} = {8CFF4D93-5DED-41E9-9C65-8701A8C06725}
		{FC46DC2B-99E6-4F83-BCC6-BCA4B1815E10} = {3B999C9E-899F-4237-A22D-7113E12ABEEB}
		{13B8FF63-4CE2-4C15-A795-1C661D724816} = {FC46DC2B-99E6-4F83-BCC6-BCA4B1815E10}
		{23C1BC37-DC0F-4D63-85DF-CBBDCAEF8D59} = {FC46DC2B-99E6-4F83-BCC6-BCA4B1815E10}
		{205A5462-3154-419D-893D-D67B7D50C653} = {3B999C9E-899F-4237-A22D-7113E12ABEEB}
		{4A94DD6A-1A41-40C9-92C0-895CD7EC6863} = {205A5462-3154-419D-893D-D67B7D50C653}
		{D9EF15D4-D9B0-452C-8CFB-5CE8F5174A44} = {205A5462-3154-419D-893D-D67B7D50C653}
		{4F570E21-B50C-43B6-B863-BF1332B5355D} = {3B999C9E-899F-4237-A22D-7113E12ABEEB}
		{EB83D4D8-4839-4866-926C-E786B3E417B1} = {4F570E21-B50C-43B6-B863-BF1332B5355D}
		{C228A74A-2CBA-43B1-B709-51CE033012DA} = {4F570E21-B50C-43B6-B863-BF1332B5355D}
	EndGlobalSection
EndGlobal
